
Microsoft Visual Studio Solution File, Format Version 12.00
# Visual Studio 15
Project("{FAE04EC0-301F-11D3-BF4B-00C04F79EFBC}") = "Assembly-CSharp", "Assembly-CSharp.csproj", "{93775D94-52A9-9CD7-A577-35F4E3F9A170}"
EndProject
Global
	GlobalSection(SolutionConfigurationPlatforms) = preSolution
		Debug|Any CPU = Debug|Any CPU
		Release|Any CPU = Release|Any CPU
	EndGlobalSection
	GlobalSection(ProjectConfigurationPlatforms) = postSolution
		{93775D94-52A9-9CD7-A577-35F4E3F9A170}.Debug|Any CPU.ActiveCfg = Debug|Any CPU
		{93775D94-52A9-9CD7-A577-35F4E3F9A170}.Debug|Any CPU.Build.0 = Debug|Any CPU
		{93775D94-52A9-9CD7-A577-35F4E3F9A170}.Release|Any CPU.ActiveCfg = Release|Any CPU
		{93775D94-52A9-9CD7-A577-35F4E3F9A170}.Release|Any CPU.Build.0 = Release|Any CPU
	EndGlobalSection
	GlobalSection(SolutionProperties) = preSolution
		HideSolutionNode = FALSE
	EndGlobalSection
EndGlobal
